// !$*UTF8*$!
{
	archiveVersion = 1;
	classes = {
	};
	objectVersion = 46;
	objects = {

/* Begin PBXBuildFile section */
		1B2396521E1A49C7009B46B7 /* main.m in Sources */ = {isa = PBXBuildFile; fileRef = 1B2396511E1A49C7009B46B7 /* main.m */; };
		1B2396551E1A49C7009B46B7 /* AppDelegate.m in Sources */ = {isa = PBXBuildFile; fileRef = 1B2396541E1A49C7009B46B7 /* AppDelegate.m */; };
		1B2396581E1A49C7009B46B7 /* ViewController.m in Sources */ = {isa = PBXBuildFile; fileRef = 1B2396571E1A49C7009B46B7 /* ViewController.m */; };
		1B23965B1E1A49C7009B46B7 /* Main.storyboard in Resources */ = {isa = PBXBuildFile; fileRef = 1B2396591E1A49C7009B46B7 /* Main.storyboard */; };
		1B23965D1E1A49C7009B46B7 /* Assets.xcassets in Resources */ = {isa = PBXBuildFile; fileRef = 1B23965C1E1A49C7009B46B7 /* Assets.xcassets */; };
		1B2396601E1A49C7009B46B7 /* LaunchScreen.storyboard in Resources */ = {isa = PBXBuildFile; fileRef = 1B23965E1E1A49C7009B46B7 /* LaunchScreen.storyboard */; };
		1B2396691E1B4E15009B46B7 /* WXController.m in Sources */ = {isa = PBXBuildFile; fileRef = 1B2396681E1B4E15009B46B7 /* WXController.m */; };
		1B2396871E1B51A4009B46B7 /* weather-broken.png in Resources */ = {isa = PBXBuildFile; fileRef = 1B23966D1E1B51A4009B46B7 /* weather-broken.png */; };
		1B2396881E1B51A4009B46B7 /* weather-broken@2x.png in Resources */ = {isa = PBXBuildFile; fileRef = 1B23966E1E1B51A4009B46B7 /* weather-broken@2x.png */; };
		1B2396891E1B51A4009B46B7 /* weather-clear.png in Resources */ = {isa = PBXBuildFile; fileRef = 1B23966F1E1B51A4009B46B7 /* weather-clear.png */; };
		1B23968A1E1B51A4009B46B7 /* weather-clear@2x.png in Resources */ = {isa = PBXBuildFile; fileRef = 1B2396701E1B51A4009B46B7 /* weather-clear@2x.png */; };
		1B23968B1E1B51A4009B46B7 /* weather-few-night.png in Resources */ = {isa = PBXBuildFile; fileRef = 1B2396711E1B51A4009B46B7 /* weather-few-night.png */; };
		1B23968C1E1B51A4009B46B7 /* weather-few-night@2x.png in Resources */ = {isa = PBXBuildFile; fileRef = 1B2396721E1B51A4009B46B7 /* weather-few-night@2x.png */; };
		1B23968D1E1B51A4009B46B7 /* weather-few.png in Resources */ = {isa = PBXBuildFile; fileRef = 1B2396731E1B51A4009B46B7 /* weather-few.png */; };
		1B23968E1E1B51A4009B46B7 /* weather-few@2x.png in Resources */ = {isa = PBXBuildFile; fileRef = 1B2396741E1B51A4009B46B7 /* weather-few@2x.png */; };
		1B23968F1E1B51A4009B46B7 /* weather-mist.png in Resources */ = {isa = PBXBuildFile; fileRef = 1B2396751E1B51A4009B46B7 /* weather-mist.png */; };
		1B2396901E1B51A4009B46B7 /* weather-mist@2x.png in Resources */ = {isa = PBXBuildFile; fileRef = 1B2396761E1B51A4009B46B7 /* weather-mist@2x.png */; };
		1B2396911E1B51A4009B46B7 /* weather-moon.png in Resources */ = {isa = PBXBuildFile; fileRef = 1B2396771E1B51A4009B46B7 /* weather-moon.png */; };
		1B2396921E1B51A4009B46B7 /* weather-moon@2x.png in Resources */ = {isa = PBXBuildFile; fileRef = 1B2396781E1B51A4009B46B7 /* weather-moon@2x.png */; };
		1B2396931E1B51A4009B46B7 /* weather-rain-night.png in Resources */ = {isa = PBXBuildFile; fileRef = 1B2396791E1B51A4009B46B7 /* weather-rain-night.png */; };
		1B2396941E1B51A4009B46B7 /* weather-rain-night@2x.png in Resources */ = {isa = PBXBuildFile; fileRef = 1B23967A1E1B51A4009B46B7 /* weather-rain-night@2x.png */; };
		1B2396951E1B51A4009B46B7 /* weather-rain.png in Resources */ = {isa = PBXBuildFile; fileRef = 1B23967B1E1B51A4009B46B7 /* weather-rain.png */; };
		1B2396961E1B51A4009B46B7 /* weather-rain@2x.png in Resources */ = {isa = PBXBuildFile; fileRef = 1B23967C1E1B51A4009B46B7 /* weather-rain@2x.png */; };
		1B2396971E1B51A4009B46B7 /* weather-scattered.png in Resources */ = {isa = PBXBuildFile; fileRef = 1B23967D1E1B51A4009B46B7 /* weather-scattered.png */; };
		1B2396981E1B51A4009B46B7 /* weather-scattered@2x.png in Resources */ = {isa = PBXBuildFile; fileRef = 1B23967E1E1B51A4009B46B7 /* weather-scattered@2x.png */; };
		1B2396991E1B51A4009B46B7 /* weather-shower.png in Resources */ = {isa = PBXBuildFile; fileRef = 1B23967F1E1B51A4009B46B7 /* weather-shower.png */; };
		1B23969A1E1B51A4009B46B7 /* weather-shower@2x.png in Resources */ = {isa = PBXBuildFile; fileRef = 1B2396801E1B51A4009B46B7 /* weather-shower@2x.png */; };
		1B23969B1E1B51A4009B46B7 /* weather-snow.png in Resources */ = {isa = PBXBuildFile; fileRef = 1B2396811E1B51A4009B46B7 /* weather-snow.png */; };
		1B23969C1E1B51A4009B46B7 /* weather-snow@2x.png in Resources */ = {isa = PBXBuildFile; fileRef = 1B2396821E1B51A4009B46B7 /* weather-snow@2x.png */; };
		1B23969D1E1B51A4009B46B7 /* weather-tstorm.png in Resources */ = {isa = PBXBuildFile; fileRef = 1B2396831E1B51A4009B46B7 /* weather-tstorm.png */; };
		1B23969E1E1B51A4009B46B7 /* weather-tstorm@2x.png in Resources */ = {isa = PBXBuildFile; fileRef = 1B2396841E1B51A4009B46B7 /* weather-tstorm@2x.png */; };
		1B2396A11E1B8368009B46B7 /* WXClient.m in Sources */ = {isa = PBXBuildFile; fileRef = 1B2396A01E1B8368009B46B7 /* WXClient.m */; };
		1B2396A41E1B837E009B46B7 /* WXManager.m in Sources */ = {isa = PBXBuildFile; fileRef = 1B2396A31E1B837E009B46B7 /* WXManager.m */; };
		1B2396A71E1B839C009B46B7 /* WXCondition.m in Sources */ = {isa = PBXBuildFile; fileRef = 1B2396A61E1B839C009B46B7 /* WXCondition.m */; };
		1B2396AA1E1B83C5009B46B7 /* WXDailyForecast.m in Sources */ = {isa = PBXBuildFile; fileRef = 1B2396A91E1B83C5009B46B7 /* WXDailyForecast.m */; };
		1B951A1C1E35F73000225619 /* bg.jpg in Resources */ = {isa = PBXBuildFile; fileRef = 1B951A1B1E35F72F00225619 /* bg.jpg */; };
		1B951A1E1E35F79300225619 /* bg2.jpg in Resources */ = {isa = PBXBuildFile; fileRef = 1B951A1D1E35F79300225619 /* bg2.jpg */; };
		1B951A261E36126F00225619 /* WeatherUITests.m in Sources */ = {isa = PBXBuildFile; fileRef = 1B951A251E36126F00225619 /* WeatherUITests.m */; };
		1B951A341E3613BA00225619 /* WeatherTests.m in Sources */ = {isa = PBXBuildFile; fileRef = 1B951A331E3613BA00225619 /* WeatherTests.m */; };
		BCEF2F31BFC6AC7BE8634A58 /* libPods-Weather.a in Frameworks */ = {isa = PBXBuildFile; fileRef = 95AD5442D09A742CDEF1227D /* libPods-Weather.a */; };
/* End PBXBuildFile section */

/* Begin PBXContainerItemProxy section */
		1B951A281E36126F00225619 /* PBXContainerItemProxy */ = {
			isa = PBXContainerItemProxy;
			containerPortal = 1B2396451E1A49C7009B46B7 /* Project object */;
			proxyType = 1;
			remoteGlobalIDString = 1B23964C1E1A49C7009B46B7;
			remoteInfo = Weather;
		};
		1B951A361E3613BA00225619 /* PBXContainerItemProxy */ = {
			isa = PBXContainerItemProxy;
			containerPortal = 1B2396451E1A49C7009B46B7 /* Project object */;
			proxyType = 1;
			remoteGlobalIDString = 1B23964C1E1A49C7009B46B7;
			remoteInfo = Weather;
		};
/* End PBXContainerItemProxy section */

/* Begin PBXFileReference section */
		1B23964D1E1A49C7009B46B7 /* Weather.app */ = {isa = PBXFileReference; explicitFileType = wrapper.application; includeInIndex = 0; path = Weather.app; sourceTree = BUILT_PRODUCTS_DIR; };
		1B2396511E1A49C7009B46B7 /* main.m */ = {isa = PBXFileReference; lastKnownFileType = sourcecode.c.objc; path = main.m; sourceTree = "<group>"; };
		1B2396531E1A49C7009B46B7 /* AppDelegate.h */ = {isa = PBXFileReference; lastKnownFileType = sourcecode.c.h; path = AppDelegate.h; sourceTree = "<group>"; };
		1B2396541E1A49C7009B46B7 /* AppDelegate.m */ = {isa = PBXFileReference; lastKnownFileType = sourcecode.c.objc; path = AppDelegate.m; sourceTree = "<group>"; };
		1B2396561E1A49C7009B46B7 /* ViewController.h */ = {isa = PBXFileReference; lastKnownFileType = sourcecode.c.h; path = ViewController.h; sourceTree = "<group>"; };
		1B2396571E1A49C7009B46B7 /* ViewController.m */ = {isa = PBXFileReference; lastKnownFileType = sourcecode.c.objc; path = ViewController.m; sourceTree = "<group>"; };
		1B23965A1E1A49C7009B46B7 /* Base */ = {isa = PBXFileReference; lastKnownFileType = file.storyboard; name = Base; path = Base.lproj/Main.storyboard; sourceTree = "<group>"; };
		1B23965C1E1A49C7009B46B7 /* Assets.xcassets */ = {isa = PBXFileReference; lastKnownFileType = folder.assetcatalog; path = Assets.xcassets; sourceTree = "<group>"; };
		1B23965F1E1A49C7009B46B7 /* Base */ = {isa = PBXFileReference; lastKnownFileType = file.storyboard; name = Base; path = Base.lproj/LaunchScreen.storyboard; sourceTree = "<group>"; };
		1B2396611E1A49C7009B46B7 /* Info.plist */ = {isa = PBXFileReference; lastKnownFileType = text.plist.xml; path = Info.plist; sourceTree = "<group>"; };
		1B2396671E1B4E15009B46B7 /* WXController.h */ = {isa = PBXFileReference; fileEncoding = 4; lastKnownFileType = sourcecode.c.h; path = WXController.h; sourceTree = "<group>"; };
		1B2396681E1B4E15009B46B7 /* WXController.m */ = {isa = PBXFileReference; fileEncoding = 4; lastKnownFileType = sourcecode.c.objc; path = WXController.m; sourceTree = "<group>"; };
		1B23966D1E1B51A4009B46B7 /* weather-broken.png */ = {isa = PBXFileReference; lastKnownFileType = image.png; path = "weather-broken.png"; sourceTree = "<group>"; };
		1B23966E1E1B51A4009B46B7 /* weather-broken@2x.png */ = {isa = PBXFileReference; lastKnownFileType = image.png; path = "weather-broken@2x.png"; sourceTree = "<group>"; };
		1B23966F1E1B51A4009B46B7 /* weather-clear.png */ = {isa = PBXFileReference; lastKnownFileType = image.png; path = "weather-clear.png"; sourceTree = "<group>"; };
		1B2396701E1B51A4009B46B7 /* weather-clear@2x.png */ = {isa = PBXFileReference; lastKnownFileType = image.png; path = "weather-clear@2x.png"; sourceTree = "<group>"; };
		1B2396711E1B51A4009B46B7 /* weather-few-night.png */ = {isa = PBXFileReference; lastKnownFileType = image.png; path = "weather-few-night.png"; sourceTree = "<group>"; };
		1B2396721E1B51A4009B46B7 /* weather-few-night@2x.png */ = {isa = PBXFileReference; lastKnownFileType = image.png; path = "weather-few-night@2x.png"; sourceTree = "<group>"; };
		1B2396731E1B51A4009B46B7 /* weather-few.png */ = {isa = PBXFileReference; lastKnownFileType = image.png; path = "weather-few.png"; sourceTree = "<group>"; };
		1B2396741E1B51A4009B46B7 /* weather-few@2x.png */ = {isa = PBXFileReference; lastKnownFileType = image.png; path = "weather-few@2x.png"; sourceTree = "<group>"; };
		1B2396751E1B51A4009B46B7 /* weather-mist.png */ = {isa = PBXFileReference; lastKnownFileType = image.png; path = "weather-mist.png"; sourceTree = "<group>"; };
		1B2396761E1B51A4009B46B7 /* weather-mist@2x.png */ = {isa = PBXFileReference; lastKnownFileType = image.png; path = "weather-mist@2x.png"; sourceTree = "<group>"; };
		1B2396771E1B51A4009B46B7 /* weather-moon.png */ = {isa = PBXFileReference; lastKnownFileType = image.png; path = "weather-moon.png"; sourceTree = "<group>"; };
		1B2396781E1B51A4009B46B7 /* weather-moon@2x.png */ = {isa = PBXFileReference; lastKnownFileType = image.png; path = "weather-moon@2x.png"; sourceTree = "<group>"; };
		1B2396791E1B51A4009B46B7 /* weather-rain-night.png */ = {isa = PBXFileReference; lastKnownFileType = image.png; path = "weather-rain-night.png"; sourceTree = "<group>"; };
		1B23967A1E1B51A4009B46B7 /* weather-rain-night@2x.png */ = {isa = PBXFileReference; lastKnownFileType = image.png; path = "weather-rain-night@2x.png"; sourceTree = "<group>"; };
		1B23967B1E1B51A4009B46B7 /* weather-rain.png */ = {isa = PBXFileReference; lastKnownFileType = image.png; path = "weather-rain.png"; sourceTree = "<group>"; };
		1B23967C1E1B51A4009B46B7 /* weather-rain@2x.png */ = {isa = PBXFileReference; lastKnownFileType = image.png; path = "weather-rain@2x.png"; sourceTree = "<group>"; };
		1B23967D1E1B51A4009B46B7 /* weather-scattered.png */ = {isa = PBXFileReference; lastKnownFileType = image.png; path = "weather-scattered.png"; sourceTree = "<group>"; };
		1B23967E1E1B51A4009B46B7 /* weather-scattered@2x.png */ = {isa = PBXFileReference; lastKnownFileType = image.png; path = "weather-scattered@2x.png"; sourceTree = "<group>"; };
		1B23967F1E1B51A4009B46B7 /* weather-shower.png */ = {isa = PBXFileReference; lastKnownFileType = image.png; path = "weather-shower.png"; sourceTree = "<group>"; };
		1B2396801E1B51A4009B46B7 /* weather-shower@2x.png */ = {isa = PBXFileReference; lastKnownFileType = image.png; path = "weather-shower@2x.png"; sourceTree = "<group>"; };
		1B2396811E1B51A4009B46B7 /* weather-snow.png */ = {isa = PBXFileReference; lastKnownFileType = image.png; path = "weather-snow.png"; sourceTree = "<group>"; };
		1B2396821E1B51A4009B46B7 /* weather-snow@2x.png */ = {isa = PBXFileReference; lastKnownFileType = image.png; path = "weather-snow@2x.png"; sourceTree = "<group>"; };
		1B2396831E1B51A4009B46B7 /* weather-tstorm.png */ = {isa = PBXFileReference; lastKnownFileType = image.png; path = "weather-tstorm.png"; sourceTree = "<group>"; };
		1B2396841E1B51A4009B46B7 /* weather-tstorm@2x.png */ = {isa = PBXFileReference; lastKnownFileType = image.png; path = "weather-tstorm@2x.png"; sourceTree = "<group>"; };
		1B23969F1E1B8368009B46B7 /* WXClient.h */ = {isa = PBXFileReference; fileEncoding = 4; lastKnownFileType = sourcecode.c.h; path = WXClient.h; sourceTree = "<group>"; };
		1B2396A01E1B8368009B46B7 /* WXClient.m */ = {isa = PBXFileReference; fileEncoding = 4; lastKnownFileType = sourcecode.c.objc; path = WXClient.m; sourceTree = "<group>"; };
		1B2396A21E1B837E009B46B7 /* WXManager.h */ = {isa = PBXFileReference; fileEncoding = 4; lastKnownFileType = sourcecode.c.h; path = WXManager.h; sourceTree = "<group>"; };
		1B2396A31E1B837E009B46B7 /* WXManager.m */ = {isa = PBXFileReference; fileEncoding = 4; lastKnownFileType = sourcecode.c.objc; path = WXManager.m; sourceTree = "<group>"; };
		1B2396A51E1B839C009B46B7 /* WXCondition.h */ = {isa = PBXFileReference; fileEncoding = 4; lastKnownFileType = sourcecode.c.h; path = WXCondition.h; sourceTree = "<group>"; };
		1B2396A61E1B839C009B46B7 /* WXCondition.m */ = {isa = PBXFileReference; fileEncoding = 4; lastKnownFileType = sourcecode.c.objc; path = WXCondition.m; sourceTree = "<group>"; };
		1B2396A81E1B83C5009B46B7 /* WXDailyForecast.h */ = {isa = PBXFileReference; fileEncoding = 4; lastKnownFileType = sourcecode.c.h; path = WXDailyForecast.h; sourceTree = "<group>"; };
		1B2396A91E1B83C5009B46B7 /* WXDailyForecast.m */ = {isa = PBXFileReference; fileEncoding = 4; lastKnownFileType = sourcecode.c.objc; path = WXDailyForecast.m; sourceTree = "<group>"; };
		1B951A1B1E35F72F00225619 /* bg.jpg */ = {isa = PBXFileReference; lastKnownFileType = image.jpeg; path = bg.jpg; sourceTree = "<group>"; };
		1B951A1D1E35F79300225619 /* bg2.jpg */ = {isa = PBXFileReference; lastKnownFileType = image.jpeg; path = bg2.jpg; sourceTree = "<group>"; };
		1B951A231E36126F00225619 /* WeatherUITests.xctest */ = {isa = PBXFileReference; explicitFileType = wrapper.cfbundle; includeInIndex = 0; path = WeatherUITests.xctest; sourceTree = BUILT_PRODUCTS_DIR; };
		1B951A251E36126F00225619 /* WeatherUITests.m */ = {isa = PBXFileReference; lastKnownFileType = sourcecode.c.objc; path = WeatherUITests.m; sourceTree = "<group>"; };
		1B951A271E36126F00225619 /* Info.plist */ = {isa = PBXFileReference; lastKnownFileType = text.plist.xml; path = Info.plist; sourceTree = "<group>"; };
		1B951A311E3613BA00225619 /* WeatherTests.xctest */ = {isa = PBXFileReference; explicitFileType = wrapper.cfbundle; includeInIndex = 0; path = WeatherTests.xctest; sourceTree = BUILT_PRODUCTS_DIR; };
		1B951A331E3613BA00225619 /* WeatherTests.m */ = {isa = PBXFileReference; lastKnownFileType = sourcecode.c.objc; path = WeatherTests.m; sourceTree = "<group>"; };
		1B951A351E3613BA00225619 /* Info.plist */ = {isa = PBXFileReference; lastKnownFileType = text.plist.xml; path = Info.plist; sourceTree = "<group>"; };
		4C95958825AB179ACA36B9F4 /* Pods-Weather.release.xcconfig */ = {isa = PBXFileReference; includeInIndex = 1; lastKnownFileType = text.xcconfig; name = "Pods-Weather.release.xcconfig"; path = "Pods/Target Support Files/Pods-Weather/Pods-Weather.release.xcconfig"; sourceTree = "<group>"; };
		603EEE176534F4F2F38F3EC0 /* Pods-Weather.debug.xcconfig */ = {isa = PBXFileReference; includeInIndex = 1; lastKnownFileType = text.xcconfig; name = "Pods-Weather.debug.xcconfig"; path = "Pods/Target Support Files/Pods-Weather/Pods-Weather.debug.xcconfig"; sourceTree = "<group>"; };
		95AD5442D09A742CDEF1227D /* libPods-Weather.a */ = {isa = PBXFileReference; explicitFileType = archive.ar; includeInIndex = 0; path = "libPods-Weather.a"; sourceTree = BUILT_PRODUCTS_DIR; };
/* End PBXFileReference section */

/* Begin PBXFrameworksBuildPhase section */
		1B23964A1E1A49C7009B46B7 /* Frameworks */ = {
			isa = PBXFrameworksBuildPhase;
			buildActionMask = 2147483647;
			files = (
				BCEF2F31BFC6AC7BE8634A58 /* libPods-Weather.a in Frameworks */,
			);
			runOnlyForDeploymentPostprocessing = 0;
		};
		1B951A201E36126F00225619 /* Frameworks */ = {
			isa = PBXFrameworksBuildPhase;
			buildActionMask = 2147483647;
			files = (
			);
			runOnlyForDeploymentPostprocessing = 0;
		};
		1B951A2E1E3613BA00225619 /* Frameworks */ = {
			isa = PBXFrameworksBuildPhase;
			buildActionMask = 2147483647;
			files = (
			);
			runOnlyForDeploymentPostprocessing = 0;
		};
/* End PBXFrameworksBuildPhase section */

/* Begin PBXGroup section */
		1B2396441E1A49C7009B46B7 = {
			isa = PBXGroup;
			children = (
				1B23964F1E1A49C7009B46B7 /* Weather */,
				1B951A241E36126F00225619 /* WeatherUITests */,
				1B951A321E3613BA00225619 /* WeatherTests */,
				1B23964E1E1A49C7009B46B7 /* Products */,
				7E2FE1F7E25F4F08EEF1AA94 /* Pods */,
				63102F4D570B279C8D4E2962 /* Frameworks */,
			);
			sourceTree = "<group>";
		};
		1B23964E1E1A49C7009B46B7 /* Products */ = {
			isa = PBXGroup;
			children = (
				1B23964D1E1A49C7009B46B7 /* Weather.app */,
				1B951A231E36126F00225619 /* WeatherUITests.xctest */,
				1B951A311E3613BA00225619 /* WeatherTests.xctest */,
			);
			name = Products;
			sourceTree = "<group>";
		};
		1B23964F1E1A49C7009B46B7 /* Weather */ = {
			isa = PBXGroup;
			children = (
				1B2396531E1A49C7009B46B7 /* AppDelegate.h */,
				1B2396541E1A49C7009B46B7 /* AppDelegate.m */,
				1B2396561E1A49C7009B46B7 /* ViewController.h */,
				1B2396571E1A49C7009B46B7 /* ViewController.m */,
				1B2396591E1A49C7009B46B7 /* Main.storyboard */,
				1B23965C1E1A49C7009B46B7 /* Assets.xcassets */,
				1B23965E1E1A49C7009B46B7 /* LaunchScreen.storyboard */,
				1B2396611E1A49C7009B46B7 /* Info.plist */,
				1B2396501E1A49C7009B46B7 /* Supporting Files */,
				1B2396671E1B4E15009B46B7 /* WXController.h */,
				1B2396681E1B4E15009B46B7 /* WXController.m */,
				1B951A1D1E35F79300225619 /* bg2.jpg */,
				1B951A1B1E35F72F00225619 /* bg.jpg */,
				1B23966C1E1B51A4009B46B7 /* Weather Icons */,
				1B23969F1E1B8368009B46B7 /* WXClient.h */,
				1B2396A01E1B8368009B46B7 /* WXClient.m */,
				1B2396A21E1B837E009B46B7 /* WXManager.h */,
				1B2396A31E1B837E009B46B7 /* WXManager.m */,
				1B2396A51E1B839C009B46B7 /* WXCondition.h */,
				1B2396A61E1B839C009B46B7 /* WXCondition.m */,
				1B2396A81E1B83C5009B46B7 /* WXDailyForecast.h */,
				1B2396A91E1B83C5009B46B7 /* WXDailyForecast.m */,
			);
			path = Weather;
			sourceTree = "<group>";
		};
		1B2396501E1A49C7009B46B7 /* Supporting Files */ = {
			isa = PBXGroup;
			children = (
				1B2396511E1A49C7009B46B7 /* main.m */,
			);
			name = "Supporting Files";
			sourceTree = "<group>";
		};
		1B23966C1E1B51A4009B46B7 /* Weather Icons */ = {
			isa = PBXGroup;
			children = (
				1B23966D1E1B51A4009B46B7 /* weather-broken.png */,
				1B23966E1E1B51A4009B46B7 /* weather-broken@2x.png */,
				1B23966F1E1B51A4009B46B7 /* weather-clear.png */,
				1B2396701E1B51A4009B46B7 /* weather-clear@2x.png */,
				1B2396711E1B51A4009B46B7 /* weather-few-night.png */,
				1B2396721E1B51A4009B46B7 /* weather-few-night@2x.png */,
				1B2396731E1B51A4009B46B7 /* weather-few.png */,
				1B2396741E1B51A4009B46B7 /* weather-few@2x.png */,
				1B2396751E1B51A4009B46B7 /* weather-mist.png */,
				1B2396761E1B51A4009B46B7 /* weather-mist@2x.png */,
				1B2396771E1B51A4009B46B7 /* weather-moon.png */,
				1B2396781E1B51A4009B46B7 /* weather-moon@2x.png */,
				1B2396791E1B51A4009B46B7 /* weather-rain-night.png */,
				1B23967A1E1B51A4009B46B7 /* weather-rain-night@2x.png */,
				1B23967B1E1B51A4009B46B7 /* weather-rain.png */,
				1B23967C1E1B51A4009B46B7 /* weather-rain@2x.png */,
				1B23967D1E1B51A4009B46B7 /* weather-scattered.png */,
				1B23967E1E1B51A4009B46B7 /* weather-scattered@2x.png */,
				1B23967F1E1B51A4009B46B7 /* weather-shower.png */,
				1B2396801E1B51A4009B46B7 /* weather-shower@2x.png */,
				1B2396811E1B51A4009B46B7 /* weather-snow.png */,
				1B2396821E1B51A4009B46B7 /* weather-snow@2x.png */,
				1B2396831E1B51A4009B46B7 /* weather-tstorm.png */,
				1B2396841E1B51A4009B46B7 /* weather-tstorm@2x.png */,
			);
			path = "Weather Icons";
			sourceTree = "<group>";
		};
		1B951A241E36126F00225619 /* WeatherUITests */ = {
			isa = PBXGroup;
			children = (
				1B951A251E36126F00225619 /* WeatherUITests.m */,
				1B951A271E36126F00225619 /* Info.plist */,
			);
			path = WeatherUITests;
			sourceTree = "<group>";
		};
		1B951A321E3613BA00225619 /* WeatherTests */ = {
			isa = PBXGroup;
			children = (
				1B951A331E3613BA00225619 /* WeatherTests.m */,
				1B951A351E3613BA00225619 /* Info.plist */,
			);
			path = WeatherTests;
			sourceTree = "<group>";
		};
		63102F4D570B279C8D4E2962 /* Frameworks */ = {
			isa = PBXGroup;
			children = (
				95AD5442D09A742CDEF1227D /* libPods-Weather.a */,
			);
			name = Frameworks;
			sourceTree = "<group>";
		};
		7E2FE1F7E25F4F08EEF1AA94 /* Pods */ = {
			isa = PBXGroup;
			children = (
				603EEE176534F4F2F38F3EC0 /* Pods-Weather.debug.xcconfig */,
				4C95958825AB179ACA36B9F4 /* Pods-Weather.release.xcconfig */,
			);
			name = Pods;
			sourceTree = "<group>";
		};
/* End PBXGroup section */

/* Begin PBXNativeTarget section */
		1B23964C1E1A49C7009B46B7 /* Weather */ = {
			isa = PBXNativeTarget;
			buildConfigurationList = 1B2396641E1A49C7009B46B7 /* Build configuration list for PBXNativeTarget "Weather" */;
			buildPhases = (
				E22F0C42B2344143FD6DEA92 /* [CP] Check Pods Manifest.lock */,
				1B2396491E1A49C7009B46B7 /* Sources */,
				1B23964A1E1A49C7009B46B7 /* Frameworks */,
				1B23964B1E1A49C7009B46B7 /* Resources */,
				2D3215FC936AE97B38C1228E /* [CP] Embed Pods Frameworks */,
				AE891F16809D3729331C0B93 /* [CP] Copy Pods Resources */,
			);
			buildRules = (
			);
			dependencies = (
			);
			name = Weather;
			productName = Weather;
			productReference = 1B23964D1E1A49C7009B46B7 /* Weather.app */;
			productType = "com.apple.product-type.application";
		};
		1B951A221E36126F00225619 /* WeatherUITests */ = {
			isa = PBXNativeTarget;
			buildConfigurationList = 1B951A2C1E36126F00225619 /* Build configuration list for PBXNativeTarget "WeatherUITests" */;
			buildPhases = (
				1B951A1F1E36126F00225619 /* Sources */,
				1B951A201E36126F00225619 /* Frameworks */,
				1B951A211E36126F00225619 /* Resources */,
			);
			buildRules = (
			);
			dependencies = (
				1B951A291E36126F00225619 /* PBXTargetDependency */,
			);
			name = WeatherUITests;
			productName = WeatherUITests;
			productReference = 1B951A231E36126F00225619 /* WeatherUITests.xctest */;
			productType = "com.apple.product-type.bundle.ui-testing";
		};
		1B951A301E3613BA00225619 /* WeatherTests */ = {
			isa = PBXNativeTarget;
			buildConfigurationList = 1B951A381E3613BA00225619 /* Build configuration list for PBXNativeTarget "WeatherTests" */;
			buildPhases = (
				1B951A2D1E3613BA00225619 /* Sources */,
				1B951A2E1E3613BA00225619 /* Frameworks */,
				1B951A2F1E3613BA00225619 /* Resources */,
			);
			buildRules = (
			);
			dependencies = (
				1B951A371E3613BA00225619 /* PBXTargetDependency */,
			);
			name = WeatherTests;
			productName = WeatherTests;
			productReference = 1B951A311E3613BA00225619 /* WeatherTests.xctest */;
			productType = "com.apple.product-type.bundle.unit-test";
		};
/* End PBXNativeTarget section */

/* Begin PBXProject section */
		1B2396451E1A49C7009B46B7 /* Project object */ = {
			isa = PBXProject;
			attributes = {
				LastUpgradeCheck = 0800;
				ORGANIZATIONNAME = "濮一帆";
				TargetAttributes = {
					1B23964C1E1A49C7009B46B7 = {
						CreatedOnToolsVersion = 8.0;
						ProvisioningStyle = Automatic;
						SystemCapabilities = {
							com.apple.BackgroundModes = {
								enabled = 1;
							};
						};
					};
					1B951A221E36126F00225619 = {
						CreatedOnToolsVersion = 8.0;
						ProvisioningStyle = Automatic;
						TestTargetID = 1B23964C1E1A49C7009B46B7;
					};
					1B951A301E3613BA00225619 = {
						CreatedOnToolsVersion = 8.0;
						ProvisioningStyle = Automatic;
						TestTargetID = 1B23964C1E1A49C7009B46B7;
					};
				};
			};
			buildConfigurationList = 1B2396481E1A49C7009B46B7 /* Build configuration list for PBXProject "Weather" */;
			compatibilityVersion = "Xcode 3.2";
			developmentRegion = English;
			hasScannedForEncodings = 0;
			knownRegions = (
				en,
				Base,
			);
			mainGroup = 1B2396441E1A49C7009B46B7;
			productRefGroup = 1B23964E1E1A49C7009B46B7 /* Products */;
			projectDirPath = "";
			projectRoot = "";
			targets = (
				1B23964C1E1A49C7009B46B7 /* Weather */,
				1B951A221E36126F00225619 /* WeatherUITests */,
				1B951A301E3613BA00225619 /* WeatherTests */,
			);
		};
/* End PBXProject section */

/* Begin PBXResourcesBuildPhase section */
		1B23964B1E1A49C7009B46B7 /* Resources */ = {
			isa = PBXResourcesBuildPhase;
			buildActionMask = 2147483647;
			files = (
				1B2396891E1B51A4009B46B7 /* weather-clear.png in Resources */,
				1B23968D1E1B51A4009B46B7 /* weather-few.png in Resources */,
				1B2396951E1B51A4009B46B7 /* weather-rain.png in Resources */,
				1B2396601E1A49C7009B46B7 /* LaunchScreen.storyboard in Resources */,
				1B23968E1E1B51A4009B46B7 /* weather-few@2x.png in Resources */,
				1B951A1E1E35F79300225619 /* bg2.jpg in Resources */,
				1B2396881E1B51A4009B46B7 /* weather-broken@2x.png in Resources */,
				1B23968F1E1B51A4009B46B7 /* weather-mist.png in Resources */,
				1B23969D1E1B51A4009B46B7 /* weather-tstorm.png in Resources */,
				1B23969E1E1B51A4009B46B7 /* weather-tstorm@2x.png in Resources */,
				1B23965D1E1A49C7009B46B7 /* Assets.xcassets in Resources */,
				1B2396921E1B51A4009B46B7 /* weather-moon@2x.png in Resources */,
				1B2396991E1B51A4009B46B7 /* weather-shower.png in Resources */,
				1B23969B1E1B51A4009B46B7 /* weather-snow.png in Resources */,
				1B23969C1E1B51A4009B46B7 /* weather-snow@2x.png in Resources */,
				1B2396871E1B51A4009B46B7 /* weather-broken.png in Resources */,
				1B2396911E1B51A4009B46B7 /* weather-moon.png in Resources */,
				1B23968C1E1B51A4009B46B7 /* weather-few-night@2x.png in Resources */,
				1B2396981E1B51A4009B46B7 /* weather-scattered@2x.png in Resources */,
				1B951A1C1E35F73000225619 /* bg.jpg in Resources */,
				1B23968B1E1B51A4009B46B7 /* weather-few-night.png in Resources */,
				1B23965B1E1A49C7009B46B7 /* Main.storyboard in Resources */,
				1B23968A1E1B51A4009B46B7 /* weather-clear@2x.png in Resources */,
				1B2396901E1B51A4009B46B7 /* weather-mist@2x.png in Resources */,
				1B23969A1E1B51A4009B46B7 /* weather-shower@2x.png in Resources */,
				1B2396971E1B51A4009B46B7 /* weather-scattered.png in Resources */,
				1B2396961E1B51A4009B46B7 /* weather-rain@2x.png in Resources */,
				1B2396931E1B51A4009B46B7 /* weather-rain-night.png in Resources */,
				1B2396941E1B51A4009B46B7 /* weather-rain-night@2x.png in Resources */,
			);
			runOnlyForDeploymentPostprocessing = 0;
		};
		1B951A211E36126F00225619 /* Resources */ = {
			isa = PBXResourcesBuildPhase;
			buildActionMask = 2147483647;
			files = (
			);
			runOnlyForDeploymentPostprocessing = 0;
		};
		1B951A2F1E3613BA00225619 /* Resources */ = {
			isa = PBXResourcesBuildPhase;
			buildActionMask = 2147483647;
			files = (
			);
			runOnlyForDeploymentPostprocessing = 0;
		};
/* End PBXResourcesBuildPhase section */

/* Begin PBXShellScriptBuildPhase section */
		2D3215FC936AE97B38C1228E /* [CP] Embed Pods Frameworks */ = {
			isa = PBXShellScriptBuildPhase;
			buildActionMask = 2147483647;
			files = (
			);
			inputPaths = (
			);
			name = "[CP] Embed Pods Frameworks";
			outputPaths = (
			);
			runOnlyForDeploymentPostprocessing = 0;
			shellPath = /bin/sh;
			shellScript = "\"${SRCROOT}/Pods/Target Support Files/Pods-Weather/Pods-Weather-frameworks.sh\"\n";
			showEnvVarsInLog = 0;
		};
		AE891F16809D3729331C0B93 /* [CP] Copy Pods Resources */ = {
			isa = PBXShellScriptBuildPhase;
			buildActionMask = 2147483647;
			files = (
			);
			inputPaths = (
			);
			name = "[CP] Copy Pods Resources";
			outputPaths = (
			);
			runOnlyForDeploymentPostprocessing = 0;
			shellPath = /bin/sh;
			shellScript = "\"${SRCROOT}/Pods/Target Support Files/Pods-Weather/Pods-Weather-resources.sh\"\n";
			showEnvVarsInLog = 0;
		};
		E22F0C42B2344143FD6DEA92 /* [CP] Check Pods Manifest.lock */ = {
			isa = PBXShellScriptBuildPhase;
			buildActionMask = 2147483647;
			files = (
			);
			inputPaths = (
			);
			name = "[CP] Check Pods Manifest.lock";
			outputPaths = (
			);
			runOnlyForDeploymentPostprocessing = 0;
			shellPath = /bin/sh;
			shellScript = "diff \"${PODS_ROOT}/../Podfile.lock\" \"${PODS_ROOT}/Manifest.lock\" > /dev/null\nif [ $? != 0 ] ; then\n    # print error to STDERR\n    echo \"error: The sandbox is not in sync with the Podfile.lock. Run 'pod install' or update your CocoaPods installation.\" >&2\n    exit 1\nfi\n";
			showEnvVarsInLog = 0;
		};
/* End PBXShellScriptBuildPhase section */

/* Begin PBXSourcesBuildPhase section */
		1B2396491E1A49C7009B46B7 /* Sources */ = {
			isa = PBXSourcesBuildPhase;
			buildActionMask = 2147483647;
			files = (
				1B2396A41E1B837E009B46B7 /* WXManager.m in Sources */,
				1B2396691E1B4E15009B46B7 /* WXController.m in Sources */,
				1B2396581E1A49C7009B46B7 /* ViewController.m in Sources */,
				1B2396A11E1B8368009B46B7 /* WXClient.m in Sources */,
				1B2396551E1A49C7009B46B7 /* AppDelegate.m in Sources */,
				1B2396AA1E1B83C5009B46B7 /* WXDailyForecast.m in Sources */,
				1B2396521E1A49C7009B46B7 /* main.m in Sources */,
				1B2396A71E1B839C009B46B7 /* WXCondition.m in Sources */,
			);
			runOnlyForDeploymentPostprocessing = 0;
		};
		1B951A1F1E36126F00225619 /* Sources */ = {
			isa = PBXSourcesBuildPhase;
			buildActionMask = 2147483647;
			files = (
				1B951A261E36126F00225619 /* WeatherUITests.m in Sources */,
			);
			runOnlyForDeploymentPostprocessing = 0;
		};
		1B951A2D1E3613BA00225619 /* Sources */ = {
			isa = PBXSourcesBuildPhase;
			buildActionMask = 2147483647;
			files = (
				1B951A341E3613BA00225619 /* WeatherTests.m in Sources */,
			);
			runOnlyForDeploymentPostprocessing = 0;
		};
/* End PBXSourcesBuildPhase section */

/* Begin PBXTargetDependency section */
		1B951A291E36126F00225619 /* PBXTargetDependency */ = {
			isa = PBXTargetDependency;
			target = 1B23964C1E1A49C7009B46B7 /* Weather */;
			targetProxy = 1B951A281E36126F00225619 /* PBXContainerItemProxy */;
		};
		1B951A371E3613BA00225619 /* PBXTargetDependency */ = {
			isa = PBXTargetDependency;
			target = 1B23964C1E1A49C7009B46B7 /* Weather */;
			targetProxy = 1B951A361E3613BA00225619 /* PBXContainerItemProxy */;
		};
/* End PBXTargetDependency section */

/* Begin PBXVariantGroup section */
		1B2396591E1A49C7009B46B7 /* Main.storyboard */ = {
			isa = PBXVariantGroup;
			children = (
				1B23965A1E1A49C7009B46B7 /* Base */,
			);
			name = Main.storyboard;
			sourceTree = "<group>";
		};
		1B23965E1E1A49C7009B46B7 /* LaunchScreen.storyboard */ = {
			isa = PBXVariantGroup;
			children = (
				1B23965F1E1A49C7009B46B7 /* Base */,
			);
			name = LaunchScreen.storyboard;
			sourceTree = "<group>";
		};
/* End PBXVariantGroup section */

/* Begin XCBuildConfiguration section */
		1B2396621E1A49C7009B46B7 /* Debug */ = {
			isa = XCBuildConfiguration;
			buildSettings = {
				ALWAYS_SEARCH_USER_PATHS = NO;
				CLANG_ANALYZER_NONNULL = YES;
				CLANG_CXX_LANGUAGE_STANDARD = "gnu++0x";
				CLANG_CXX_LIBRARY = "libc++";
				CLANG_ENABLE_MODULES = YES;
				CLANG_ENABLE_OBJC_ARC = YES;
				CLANG_WARN_BOOL_CONVERSION = YES;
				CLANG_WARN_CONSTANT_CONVERSION = YES;
				CLANG_WARN_DIRECT_OBJC_ISA_USAGE = YES_ERROR;
				CLANG_WARN_DOCUMENTATION_COMMENTS = YES;
				CLANG_WARN_EMPTY_BODY = YES;
				CLANG_WARN_ENUM_CONVERSION = YES;
				CLANG_WARN_INFINITE_RECURSION = YES;
				CLANG_WARN_INT_CONVERSION = YES;
				CLANG_WARN_OBJC_ROOT_CLASS = YES_ERROR;
				CLANG_WARN_SUSPICIOUS_MOVES = YES;
				CLANG_WARN_UNREACHABLE_CODE = YES;
				CLANG_WARN__DUPLICATE_METHOD_MATCH = YES;
				"CODE_SIGN_IDENTITY[sdk=iphoneos*]" = "iPhone Developer";
				COPY_PHASE_STRIP = NO;
				DEBUG_INFORMATION_FORMAT = dwarf;
				ENABLE_STRICT_OBJC_MSGSEND = YES;
				ENABLE_TESTABILITY = YES;
				GCC_C_LANGUAGE_STANDARD = gnu99;
				GCC_DYNAMIC_NO_PIC = NO;
				GCC_NO_COMMON_BLOCKS = YES;
				GCC_OPTIMIZATION_LEVEL = 0;
				GCC_PREPROCESSOR_DEFINITIONS = (
					"DEBUG=1",
					"$(inherited)",
				);
				GCC_WARN_64_TO_32_BIT_CONVERSION = YES;
				GCC_WARN_ABOUT_RETURN_TYPE = YES_ERROR;
				GCC_WARN_UNDECLARED_SELECTOR = YES;
				GCC_WARN_UNINITIALIZED_AUTOS = YES_AGGRESSIVE;
				GCC_WARN_UNUSED_FUNCTION = YES;
				GCC_WARN_UNUSED_VARIABLE = YES;
				IPHONEOS_DEPLOYMENT_TARGET = 10.0;
				MTL_ENABLE_DEBUG_INFO = YES;
				ONLY_ACTIVE_ARCH = YES;
				SDKROOT = iphoneos;
			};
			name = Debug;
		};
		1B2396631E1A49C7009B46B7 /* Release */ = {
			isa = XCBuildConfiguration;
			buildSettings = {
				ALWAYS_SEARCH_USER_PATHS = NO;
				CLANG_ANALYZER_NONNULL = YES;
				CLANG_CXX_LANGUAGE_STANDARD = "gnu++0x";
				CLANG_CXX_LIBRARY = "libc++";
				CLANG_ENABLE_MODULES = YES;
				CLANG_ENABLE_OBJC_ARC = YES;
				CLANG_WARN_BOOL_CONVERSION = YES;
				CLANG_WARN_CONSTANT_CONVERSION = YES;
				CLANG_WARN_DIRECT_OBJC_ISA_USAGE = YES_ERROR;
				CLANG_WARN_DOCUMENTATION_COMMENTS = YES;
				CLANG_WARN_EMPTY_BODY = YES;
				CLANG_WARN_ENUM_CONVERSION = YES;
				CLANG_WARN_INFINITE_RECURSION = YES;
				CLANG_WARN_INT_CONVERSION = YES;
				CLANG_WARN_OBJC_ROOT_CLASS = YES_ERROR;
				CLANG_WARN_SUSPICIOUS_MOVES = YES;
				CLANG_WARN_UNREACHABLE_CODE = YES;
				CLANG_WARN__DUPLICATE_METHOD_MATCH = YES;
				"CODE_SIGN_IDENTITY[sdk=iphoneos*]" = "iPhone Developer";
				COPY_PHASE_STRIP = NO;
				DEBUG_INFORMATION_FORMAT = "dwarf-with-dsym";
				ENABLE_NS_ASSERTIONS = NO;
				ENABLE_STRICT_OBJC_MSGSEND = YES;
				GCC_C_LANGUAGE_STANDARD = gnu99;
				GCC_NO_COMMON_BLOCKS = YES;
				GCC_WARN_64_TO_32_BIT_CONVERSION = YES;
				GCC_WARN_ABOUT_RETURN_TYPE = YES_ERROR;
				GCC_WARN_UNDECLARED_SELECTOR = YES;
				GCC_WARN_UNINITIALIZED_AUTOS = YES_AGGRESSIVE;
				GCC_WARN_UNUSED_FUNCTION = YES;
				GCC_WARN_UNUSED_VARIABLE = YES;
				IPHONEOS_DEPLOYMENT_TARGET = 10.0;
				MTL_ENABLE_DEBUG_INFO = NO;
				SDKROOT = iphoneos;
				VALIDATE_PRODUCT = YES;
			};
			name = Release;
		};
		1B2396651E1A49C7009B46B7 /* Debug */ = {
			isa = XCBuildConfiguration;
			baseConfigurationReference = 603EEE176534F4F2F38F3EC0 /* Pods-Weather.debug.xcconfig */;
			buildSettings = {
				ASSETCATALOG_COMPILER_APPICON_NAME = AppIcon;
				INFOPLIST_FILE = Weather/Info.plist;
				LD_RUNPATH_SEARCH_PATHS = "$(inherited) @executable_path/Frameworks";
				PRODUCT_BUNDLE_IDENTIFIER = com.sheffield.Weather;
				PRODUCT_NAME = "$(TARGET_NAME)";
			};
			name = Debug;
		};
		1B2396661E1A49C7009B46B7 /* Release */ = {
			isa = XCBuildConfiguration;
			baseConfigurationReference = 4C95958825AB179ACA36B9F4 /* Pods-Weather.release.xcconfig */;
			buildSettings = {
				ASSETCATALOG_COMPILER_APPICON_NAME = AppIcon;
				INFOPLIST_FILE = Weather/Info.plist;
				LD_RUNPATH_SEARCH_PATHS = "$(inherited) @executable_path/Frameworks";
				PRODUCT_BUNDLE_IDENTIFIER = com.sheffield.Weather;
				PRODUCT_NAME = "$(TARGET_NAME)";
			};
			name = Release;
		};
		1B951A2A1E36126F00225619 /* Debug */ = {
			isa = XCBuildConfiguration;
			buildSettings = {
				INFOPLIST_FILE = WeatherUITests/Info.plist;
				LD_RUNPATH_SEARCH_PATHS = "$(inherited) @executable_path/Frameworks @loader_path/Frameworks";
				PRODUCT_BUNDLE_IDENTIFIER = com.sheffield.WeatherUITests;
				PRODUCT_NAME = "$(TARGET_NAME)";
				TEST_TARGET_NAME = Weather;
			};
			name = Debug;
		};
		1B951A2B1E36126F00225619 /* Release */ = {
			isa = XCBuildConfiguration;
			buildSettings = {
				INFOPLIST_FILE = WeatherUITests/Info.plist;
				LD_RUNPATH_SEARCH_PATHS = "$(inherited) @executable_path/Frameworks @loader_path/Frameworks";
				PRODUCT_BUNDLE_IDENTIFIER = com.sheffield.WeatherUITests;
				PRODUCT_NAME = "$(TARGET_NAME)";
				TEST_TARGET_NAME = Weather;
			};
			name = Release;
		};
		1B951A391E3613BA00225619 /* Debug */ = {
			isa = XCBuildConfiguration;
			buildSettings = {
				BUNDLE_LOADER = "$(TEST_HOST)";
				INFOPLIST_FILE = WeatherTests/Info.plist;
				LD_RUNPATH_SEARCH_PATHS = "$(inherited) @executable_path/Frameworks @loader_path/Frameworks";
				PRODUCT_BUNDLE_IDENTIFIER = com.sheffield.WeatherTests;
				PRODUCT_NAME = "$(TARGET_NAME)";
				TEST_HOST = "$(BUILT_PRODUCTS_DIR)/Weather.app/Weather";
			};
			name = Debug;
		};
		1B951A3A1E3613BA00225619 /* Release */ = {
			isa = XCBuildConfiguration;
			buildSettings = {
				BUNDLE_LOADER = "$(TEST_HOST)";
				INFOPLIST_FILE = WeatherTests/Info.plist;
				LD_RUNPATH_SEARCH_PATHS = "$(inherited) @executable_path/Frameworks @loader_path/Frameworks";
				PRODUCT_BUNDLE_IDENTIFIER = com.sheffield.WeatherTests;
				PRODUCT_NAME = "$(TARGET_NAME)";
				TEST_HOST = "$(BUILT_PRODUCTS_DIR)/Weather.app/Weather";
			};
			name = Release;
		};
/* End XCBuildConfiguration section */

/* Begin XCConfigurationList section */
		1B2396481E1A49C7009B46B7 /* Build configuration list for PBXProject "Weather" */ = {
			isa = XCConfigurationList;
			buildConfigurations = (
				1B2396621E1A49C7009B46B7 /* Debug */,
				1B2396631E1A49C7009B46B7 /* Release */,
			);
			defaultConfigurationIsVisible = 0;
			defaultConfigurationName = Release;
		};
		1B2396641E1A49C7009B46B7 /* Build configuration list for PBXNativeTarget "Weather" */ = {
			isa = XCConfigurationList;
			buildConfigurations = (
				1B2396651E1A49C7009B46B7 /* Debug */,
				1B2396661E1A49C7009B46B7 /* Release */,
			);
			defaultConfigurationIsVisible = 0;
			defaultConfigurationName = Release;
		};
		1B951A2C1E36126F00225619 /* Build configuration list for PBXNativeTarget "WeatherUITests" */ = {
			isa = XCConfigurationList;
			buildConfigurations = (
				1B951A2A1E36126F00225619 /* Debug */,
				1B951A2B1E36126F00225619 /* Release */,
			);
			defaultConfigurationIsVisible = 0;
		};
		1B951A381E3613BA00225619 /* Build configuration list for PBXNativeTarget "WeatherTests" */ = {
			isa = XCConfigurationList;
			buildConfigurations = (
				1B951A391E3613BA00225619 /* Debug */,
				1B951A3A1E3613BA00225619 /* Release */,
			);
			defaultConfigurationIsVisible = 0;
		};
/* End XCConfigurationList section */
	};
	rootObject = 1B2396451E1A49C7009B46B7 /* Project object */;
}
